
Microsoft Visual Studio Solution File, Format Version 12.00
# Visual Studio 15
VisualStudioVersion = 15.0.26430.13
MinimumVisualStudioVersion = 10.0.40219.1
Project("{FAE04EC0-301F-11D3-BF4B-00C04F79EFBC}") = "VERT.Web", "VERT.Web\VERT.Web.csproj", "{08821F3E-1CC3-4D5F-8D5D-EA4D52005737}"
EndProject
Project("{FAE04EC0-301F-11D3-BF4B-00C04F79EFBC}") = "VERT.Services", "VERT.Services\VERT.Services.csproj", "{6B620B8F-6FA4-443B-AF12-1911AF81A3CE}"
EndProject
Project("{FAE04EC0-301F-11D3-BF4B-00C04F79EFBC}") = "VERT.Infrastructure", "VERT.Infrastructure\VERT.Infrastructure.csproj", "{5847D6F7-9F9F-4473-8719-F7EFBA386103}"
EndProject
Project("{FAE04EC0-301F-11D3-BF4B-00C04F79EFBC}") = "VERT.Core", "VERT.Core\VERT.Core.csproj", "{D8F2F4BB-782B-457A-96EF-603DF99C7DE8}"
EndProject
Project("{FAE04EC0-301F-11D3-BF4B-00C04F79EFBC}") = "VERT.Testing.UnitTests", "VERT.Testing.UnitTests\VERT.Testing.UnitTests.csproj", "{0B7909C7-EC23-411E-A66E-8589275870C6}"
EndProject
Project("{FAE04EC0-301F-11D3-BF4B-00C04F79EFBC}") = "VERT.Testing.IntegrationTests", "VERT.Testing.IntegrationTests\VERT.Testing.IntegrationTests.csproj", "{EF78C5A2-B379-43E3-B640-7673C5A549CE}"
EndProject
Project("{2150E333-8FDC-42A3-9474-1A3956D46DE8}") = "tests", "tests", "{95559CD0-3E78-4CA4-9D67-F7F1939242C0}"
EndProject
Project("{2150E333-8FDC-42A3-9474-1A3956D46DE8}") = "delivery", "delivery", "{5423FC46-6985-4187-8485-6E0A14D9D882}"
EndProject
Project("{2150E333-8FDC-42A3-9474-1A3956D46DE8}") = "src", "src", "{B2980F6F-DEE5-4404-A069-8A83145895F0}"
EndProject
Global
	GlobalSection(SolutionConfigurationPlatforms) = preSolution
		Debug|Any CPU = Debug|Any CPU
		Release|Any CPU = Release|Any CPU
	EndGlobalSection
	GlobalSection(ProjectConfigurationPlatforms) = postSolution
		{08821F3E-1CC3-4D5F-8D5D-EA4D52005737}.Debug|Any CPU.ActiveCfg = Debug|Any CPU
		{08821F3E-1CC3-4D5F-8D5D-EA4D52005737}.Debug|Any CPU.Build.0 = Debug|Any CPU
		{08821F3E-1CC3-4D5F-8D5D-EA4D52005737}.Release|Any CPU.ActiveCfg = Release|Any CPU
		{08821F3E-1CC3-4D5F-8D5D-EA4D52005737}.Release|Any CPU.Build.0 = Release|Any CPU
		{6B620B8F-6FA4-443B-AF12-1911AF81A3CE}.Debug|Any CPU.ActiveCfg = Debug|Any CPU
		{6B620B8F-6FA4-443B-AF12-1911AF81A3CE}.Debug|Any CPU.Build.0 = Debug|Any CPU
		{6B620B8F-6FA4-443B-AF12-1911AF81A3CE}.Release|Any CPU.ActiveCfg = Release|Any CPU
		{6B620B8F-6FA4-443B-AF12-1911AF81A3CE}.Release|Any CPU.Build.0 = Release|Any CPU
		{5847D6F7-9F9F-4473-8719-F7EFBA386103}.Debug|Any CPU.ActiveCfg = Debug|Any CPU
		{5847D6F7-9F9F-4473-8719-F7EFBA386103}.Debug|Any CPU.Build.0 = Debug|Any CPU
		{5847D6F7-9F9F-4473-8719-F7EFBA386103}.Release|Any CPU.ActiveCfg = Release|Any CPU
		{5847D6F7-9F9F-4473-8719-F7EFBA386103}.Release|Any CPU.Build.0 = Release|Any CPU
		{D8F2F4BB-782B-457A-96EF-603DF99C7DE8}.Debug|Any CPU.ActiveCfg = Debug|Any CPU
		{D8F2F4BB-782B-457A-96EF-603DF99C7DE8}.Debug|Any CPU.Build.0 = Debug|Any CPU
		{D8F2F4BB-782B-457A-96EF-603DF99C7DE8}.Release|Any CPU.ActiveCfg = Release|Any CPU
		{D8F2F4BB-782B-457A-96EF-603DF99C7DE8}.Release|Any CPU.Build.0 = Release|Any CPU
		{0B7909C7-EC23-411E-A66E-8589275870C6}.Debug|Any CPU.ActiveCfg = Debug|Any CPU
		{0B7909C7-EC23-411E-A66E-8589275870C6}.Debug|Any CPU.Build.0 = Debug|Any CPU
		{0B7909C7-EC23-411E-A66E-8589275870C6}.Release|Any CPU.ActiveCfg = Release|Any CPU
		{0B7909C7-EC23-411E-A66E-8589275870C6}.Release|Any CPU.Build.0 = Release|Any CPU
		{EF78C5A2-B379-43E3-B640-7673C5A549CE}.Debug|Any CPU.ActiveCfg = Debug|Any CPU
		{EF78C5A2-B379-43E3-B640-7673C5A549CE}.Debug|Any CPU.Build.0 = Debug|Any CPU
		{EF78C5A2-B379-43E3-B640-7673C5A549CE}.Release|Any CPU.ActiveCfg = Release|Any CPU
		{EF78C5A2-B379-43E3-B640-7673C5A549CE}.Release|Any CPU.Build.0 = Release|Any CPU
	EndGlobalSection
	GlobalSection(SolutionProperties) = preSolution
		HideSolutionNode = FALSE
	EndGlobalSection
	GlobalSection(NestedProjects) = preSolution
		{08821F3E-1CC3-4D5F-8D5D-EA4D52005737} = {5423FC46-6985-4187-8485-6E0A14D9D882}
		{6B620B8F-6FA4-443B-AF12-1911AF81A3CE} = {B2980F6F-DEE5-4404-A069-8A83145895F0}
		{5847D6F7-9F9F-4473-8719-F7EFBA386103} = {B2980F6F-DEE5-4404-A069-8A83145895F0}
		{D8F2F4BB-782B-457A-96EF-603DF99C7DE8} = {B2980F6F-DEE5-4404-A069-8A83145895F0}
		{0B7909C7-EC23-411E-A66E-8589275870C6} = {95559CD0-3E78-4CA4-9D67-F7F1939242C0}
		{EF78C5A2-B379-43E3-B640-7673C5A549CE} = {95559CD0-3E78-4CA4-9D67-F7F1939242C0}
		{5423FC46-6985-4187-8485-6E0A14D9D882} = {B2980F6F-DEE5-4404-A069-8A83145895F0}
	EndGlobalSection
EndGlobal
